
Microsoft Visual Studio Solution File, Format Version 12.00
Project("{FAE04EC0-301F-11D3-BF4B-00C04F79EFBC}") = "Engine", "Engine\Engine.csproj", "{DA4A9D5D-8E3E-4101-AC9F-10A196037F96}"
EndProject
Project("{FAE04EC0-301F-11D3-BF4B-00C04F79EFBC}") = "ConsoleApp", "ConsoleApp\ConsoleApp.csproj", "{3C8E0958-4EC8-40C6-BEDC-078D964F13A9}"
EndProject
Global
	GlobalSection(SolutionConfigurationPlatforms) = preSolution
		Debug|Any CPU = Debug|Any CPU
		Release|Any CPU = Release|Any CPU
	EndGlobalSection
	GlobalSection(ProjectConfigurationPlatforms) = postSolution
		{DA4A9D5D-8E3E-4101-AC9F-10A196037F96}.Debug|Any CPU.ActiveCfg = Debug|Any CPU
		{DA4A9D5D-8E3E-4101-AC9F-10A196037F96}.Debug|Any CPU.Build.0 = Debug|Any CPU
		{DA4A9D5D-8E3E-4101-AC9F-10A196037F96}.Release|Any CPU.ActiveCfg = Release|Any CPU
		{DA4A9D5D-8E3E-4101-AC9F-10A196037F96}.Release|Any CPU.Build.0 = Release|Any CPU
		{3C8E0958-4EC8-40C6-BEDC-078D964F13A9}.Debug|Any CPU.ActiveCfg = Debug|Any CPU
		{3C8E0958-4EC8-40C6-BEDC-078D964F13A9}.Debug|Any CPU.Build.0 = Debug|Any CPU
		{3C8E0958-4EC8-40C6-BEDC-078D964F13A9}.Release|Any CPU.ActiveCfg = Release|Any CPU
		{3C8E0958-4EC8-40C6-BEDC-078D964F13A9}.Release|Any CPU.Build.0 = Release|Any CPU
	EndGlobalSection
EndGlobal
